
Microsoft Visual Studio Solution File, Format Version 12.00
# Visual Studio Version 17
VisualStudioVersion = 17.9.34723.18
MinimumVisualStudioVersion = 10.0.40219.1
Project("{9A19103F-16F7-4668-BE54-9A1E7A4F7556}") = "TRPO-Lab3", "TRPO-Lab3\TRPO-Lab3.csproj", "{2A529C04-5D06-4FB2-917E-4F19C7AB55D2}"
	ProjectSection(ProjectDependencies) = postProject
		{B308EBA0-B8F0-434D-B413-FC0EC0A67368} = {B308EBA0-B8F0-434D-B413-FC0EC0A67368}
	EndProjectSection
EndProject
Project("{9A19103F-16F7-4668-BE54-9A1E7A4F7556}") = "TRPO_Lab3.Lib", "TRPO_Lab3.Lib\TRPO_Lab3.Lib.csproj", "{B308EBA0-B8F0-434D-B413-FC0EC0A67368}"
EndProject
Project("{9A19103F-16F7-4668-BE54-9A1E7A4F7556}") = "TRPO-Lab3.Test", "TRPO-Lab3.Test\TRPO-Lab3.Test.csproj", "{D1CD33E5-7D57-478A-9C38-1F5F49CC927C}"
	ProjectSection(ProjectDependencies) = postProject
		{B308EBA0-B8F0-434D-B413-FC0EC0A67368} = {B308EBA0-B8F0-434D-B413-FC0EC0A67368}
	EndProjectSection
EndProject
Project("{9A19103F-16F7-4668-BE54-9A1E7A4F7556}") = "TRPO-Lab4.Wpf", "TRPO-Lab4.Wpf\TRPO-Lab4.Wpf.csproj", "{5A67F15E-6DF8-450C-B242-3ACB7658EBE0}"
EndProject
Project("{FAE04EC0-301F-11D3-BF4B-00C04F79EFBC}") = "TRPO-Lab5.Web", "TRPO-Lab5.Web\TRPO-Lab5.Web.csproj", "{D6259F31-0D26-4944-9947-8A020CDF4EBC}"
	ProjectSection(ProjectDependencies) = postProject
		{B308EBA0-B8F0-434D-B413-FC0EC0A67368} = {B308EBA0-B8F0-434D-B413-FC0EC0A67368}
	EndProjectSection
EndProject
Global
	GlobalSection(SolutionConfigurationPlatforms) = preSolution
		Debug|Any CPU = Debug|Any CPU
		Release|Any CPU = Release|Any CPU
	EndGlobalSection
	GlobalSection(ProjectConfigurationPlatforms) = postSolution
		{2A529C04-5D06-4FB2-917E-4F19C7AB55D2}.Debug|Any CPU.ActiveCfg = Debug|Any CPU
		{2A529C04-5D06-4FB2-917E-4F19C7AB55D2}.Debug|Any CPU.Build.0 = Debug|Any CPU
		{2A529C04-5D06-4FB2-917E-4F19C7AB55D2}.Release|Any CPU.ActiveCfg = Release|Any CPU
		{2A529C04-5D06-4FB2-917E-4F19C7AB55D2}.Release|Any CPU.Build.0 = Release|Any CPU
		{B308EBA0-B8F0-434D-B413-FC0EC0A67368}.Debug|Any CPU.ActiveCfg = Debug|Any CPU
		{B308EBA0-B8F0-434D-B413-FC0EC0A67368}.Debug|Any CPU.Build.0 = Debug|Any CPU
		{B308EBA0-B8F0-434D-B413-FC0EC0A67368}.Release|Any CPU.ActiveCfg = Release|Any CPU
		{B308EBA0-B8F0-434D-B413-FC0EC0A67368}.Release|Any CPU.Build.0 = Release|Any CPU
		{D1CD33E5-7D57-478A-9C38-1F5F49CC927C}.Debug|Any CPU.ActiveCfg = Debug|Any CPU
		{D1CD33E5-7D57-478A-9C38-1F5F49CC927C}.Debug|Any CPU.Build.0 = Debug|Any CPU
		{D1CD33E5-7D57-478A-9C38-1F5F49CC927C}.Release|Any CPU.ActiveCfg = Release|Any CPU
		{D1CD33E5-7D57-478A-9C38-1F5F49CC927C}.Release|Any CPU.Build.0 = Release|Any CPU
		{5A67F15E-6DF8-450C-B242-3ACB7658EBE0}.Debug|Any CPU.ActiveCfg = Debug|Any CPU
		{5A67F15E-6DF8-450C-B242-3ACB7658EBE0}.Debug|Any CPU.Build.0 = Debug|Any CPU
		{5A67F15E-6DF8-450C-B242-3ACB7658EBE0}.Release|Any CPU.ActiveCfg = Release|Any CPU
		{5A67F15E-6DF8-450C-B242-3ACB7658EBE0}.Release|Any CPU.Build.0 = Release|Any CPU
		{D6259F31-0D26-4944-9947-8A020CDF4EBC}.Debug|Any CPU.ActiveCfg = Debug|Any CPU
		{D6259F31-0D26-4944-9947-8A020CDF4EBC}.Debug|Any CPU.Build.0 = Debug|Any CPU
		{D6259F31-0D26-4944-9947-8A020CDF4EBC}.Release|Any CPU.ActiveCfg = Release|Any CPU
		{D6259F31-0D26-4944-9947-8A020CDF4EBC}.Release|Any CPU.Build.0 = Release|Any CPU
	EndGlobalSection
	GlobalSection(SolutionProperties) = preSolution
		HideSolutionNode = FALSE
	EndGlobalSection
	GlobalSection(ExtensibilityGlobals) = postSolution
		SolutionGuid = {8ADA65A3-76F8-4DF8-973F-06F928F6FC06}
	EndGlobalSection
EndGlobal
